<?xml version="1.0" encoding="UTF-8"?>
<Scheme LastUpgradeVersion="2620" version="1.7">
   <BuildAction parallelizeBuildables="YES" buildImplicitDependencies="YES">
      <BuildActionEntries>
         <BuildActionEntry buildForTesting="YES" buildForRunning="YES" buildForProfiling="NO" buildForArchiving="NO" buildForAnalyzing="YES">
            <BuildableReference BuildableIdentifier="primary" BlueprintIdentifier="Rownd" BuildableName="Rownd" BlueprintName="Rownd" ReferencedContainer="container:" />
         </BuildActionEntry>
      </BuildActionEntries>
   </BuildAction>
   <TestAction buildConfiguration="Debug" shouldUseLaunchSchemeArgsEnv="YES">
      <Testables>
         <TestableReference skipped="NO" parallelizable="NO">
            <BuildableReference BuildableIdentifier="primary" BlueprintIdentifier="RowndIntegrationTests" BuildableName="RowndIntegrationTests" BlueprintName="RowndIntegrationTests" ReferencedContainer="container:" />
         </TestableReference>
      </Testables>
   </TestAction>
   <LaunchAction buildConfiguration="Debug" />
   <ProfileAction buildConfiguration="Release" />
   <AnalyzeAction buildConfiguration="Debug" />
   <ArchiveAction buildConfiguration="Release" />
</Scheme>
